Microsoft Visual Studio Solution File, Format Version 12.00
# Visual Studio Version 17
VisualStudioVersion = 17.5.2.0
MinimumVisualStudioVersion = 10.0.40219.1
Project("{FAE04EC0-301F-11D3-BF4B-00C04F79EFBC}") = "OneDriveControlService", "OneDriveControlService.csproj", "{B984BE0D-D060-0270-9DD7-0B98ED269B60}"
EndProject
Global
	GlobalSection(SolutionConfigurationPlatforms) = preSolution
		Debug|Any CPU = Debug|Any CPU
		Release|Any CPU = Release|Any CPU
	EndGlobalSection
	GlobalSection(ProjectConfigurationPlatforms) = postSolution
		{B984BE0D-D060-0270-9DD7-0B98ED269B60}.Debug|Any CPU.ActiveCfg = Debug|Any CPU
		{B984BE0D-D060-0270-9DD7-0B98ED269B60}.Debug|Any CPU.Build.0 = Debug|Any CPU
		{B984BE0D-D060-0270-9DD7-0B98ED269B60}.Release|Any CPU.ActiveCfg = Release|Any CPU
		{B984BE0D-D060-0270-9DD7-0B98ED269B60}.Release|Any CPU.Build.0 = Release|Any CPU
	EndGlobalSection
	GlobalSection(SolutionProperties) = preSolution
		HideSolutionNode = FALSE
	EndGlobalSection
	GlobalSection(ExtensibilityGlobals) = postSolution
		SolutionGuid = {5CCCA58B-5285-4F0A-AD57-A10898E5774B}
	EndGlobalSection
EndGlobal
